<?xml version="1.0" encoding="utf-8"?>
<Project ToolsVersion="4.0" xmlns="http://schemas.microsoft.com/developer/msbuild/2003">
  <ItemGroup>
    <Filter Include="Source Files">
      <UniqueIdentifier>{4FC737F1-C7A5-4376-A066-2A32D752A2FF}</UniqueIdentifier>
      <Extensions>cpp;c;cc;cxx;def;odl;idl;hpj;bat;asm;asmx</Extensions>
    </Filter>
    <Filter Include="Resource Files">
      <UniqueIdentifier>{67DA6AB6-F800-4c08-8B7A-83BB121AAD01}</UniqueIdentifier>
      <Extensions>rc;ico;cur;bmp;dlg;rc2;rct;bin;rgs;gif;jpg;jpeg;jpe;resx;tiff;tif;png;wav;mfcribbon-ms</Extensions>
    </Filter>
    <Filter Include="Source Files\Engine">
      <UniqueIdentifier>{a977dce9-61f7-4b94-adc8-915c6cb8ac4c}</UniqueIdentifier>
    </Filter>
    <Filter Include="Source Files\Entities">
      <UniqueIdentifier>{e8193c25-51ac-4d4f-9d46-57d8a6b00299}</UniqueIdentifier>
    </Filter>
    <Filter Include="Source Files\Entities\Components">
      <UniqueIdentifier>{904dd095-673d-4bf3-a442-df70c55d1887}</UniqueIdentifier>
    </Filter>
    <Filter Include="Source Files\Render">
      <UniqueIdentifier>{a867458d-9cb0-460a-a314-1d6220040641}</UniqueIdentifier>
    </Filter>
    <Filter Include="Source Files\Render\Models">
      <UniqueIdentifier>{05d59b4a-582e-407c-9b31-f657672c0106}</UniqueIdentifier>
    </Filter>
    <Filter Include="Source Files\Tools">
      <UniqueIdentifier>{7e2142a3-d921-4d86-ba82-df7718526767}</UniqueIdentifier>
    </Filter>
    <Filter Include="Source Files\Render\Window">
      <UniqueIdentifier>{b7f99e19-b6da-40ea-ae71-70c046d1f060}</UniqueIdentifier>
    </Filter>
  </ItemGroup>
  <ItemGroup>
    <ClCompile Include="Main.cpp">
      <Filter>Source Files</Filter>
    </ClCompile>
    <ClCompile Include="Window.cpp">
      <Filter>Source Files\Render\Window</Filter>
    </ClCompile>
    <ClCompile Include="CubeModel.cpp">
      <Filter>Source Files\Render\Models</Filter>
    </ClCompile>
    <ClCompile Include="Entity.cpp">
      <Filter>Source Files\Entities</Filter>
    </ClCompile>
    <ClCompile Include="MapLoader.cpp">
      <Filter>Source Files\Tools</Filter>
    </ClCompile>
    <ClCompile Include="CubeModelComponent.cpp">
      <Filter>Source Files\Entities\Components</Filter>
    </ClCompile>
    <ClCompile Include="Engine.cpp">
      <Filter>Source Files\Engine</Filter>
    </ClCompile>
    <ClCompile Include="Box.cpp">
      <Filter>Source Files\Tools</Filter>
    </ClCompile>
    <ClCompile Include="WorldComponent.cpp">
      <Filter>Source Files\Entities\Components</Filter>
    </ClCompile>
    <ClCompile Include="BoxComponent.cpp">
      <Filter>Source Files\Entities\Components</Filter>
    </ClCompile>
  </ItemGroup>
  <ItemGroup>
    <ClInclude Include="Component.h">
      <Filter>Source Files\Entities\Components</Filter>
    </ClInclude>
    <ClInclude Include="Window.h">
      <Filter>Source Files\Render\Window</Filter>
    </ClInclude>
    <ClInclude Include="CubeModel.h">
      <Filter>Source Files\Render\Models</Filter>
    </ClInclude>
    <ClInclude Include="Entity.h">
      <Filter>Source Files\Entities</Filter>
    </ClInclude>
    <ClInclude Include="MapLoader.h">
      <Filter>Source Files\Tools</Filter>
    </ClInclude>
    <ClInclude Include="CubeModelComponent.h">
      <Filter>Source Files\Entities\Components</Filter>
    </ClInclude>
    <ClInclude Include="Engine.h">
      <Filter>Source Files\Engine</Filter>
    </ClInclude>
    <ClInclude Include="Box.h">
      <Filter>Source Files\Tools</Filter>
    </ClInclude>
    <ClInclude Include="WorldComponent.h">
      <Filter>Source Files\Entities\Components</Filter>
    </ClInclude>
    <ClInclude Include="BoxComponent.h">
      <Filter>Source Files\Entities\Components</Filter>
    </ClInclude>
  </ItemGroup>
</Project>